
Microsoft Visual Studio Solution File, Format Version 12.00
# Visual Studio Version 17
VisualStudioVersion = 17.1.32414.318
MinimumVisualStudioVersion = 10.0.40219.1
Project("{9A19103F-16F7-4668-BE54-9A1E7A4F7556}") = "MJapVocab", "MJapVocab\MJapVocab.csproj", "{E0D618EC-A617-4A2E-9990-86D643AEED4E}"
EndProject
Global
	GlobalSection(SolutionConfigurationPlatforms) = preSolution
		Debug|Any CPU = Debug|Any CPU
		Release|Any CPU = Release|Any CPU
	EndGlobalSection
	GlobalSection(ProjectConfigurationPlatforms) = postSolution
		{E0D618EC-A617-4A2E-9990-86D643AEED4E}.Debug|Any CPU.ActiveCfg = Debug|Any CPU
		{E0D618EC-A617-4A2E-9990-86D643AEED4E}.Debug|Any CPU.Build.0 = Debug|Any CPU
		{E0D618EC-A617-4A2E-9990-86D643AEED4E}.Release|Any CPU.ActiveCfg = Release|Any CPU
		{E0D618EC-A617-4A2E-9990-86D643AEED4E}.Release|Any CPU.Build.0 = Release|Any CPU
	EndGlobalSection
	GlobalSection(SolutionProperties) = preSolution
		HideSolutionNode = FALSE
	EndGlobalSection
	GlobalSection(ExtensibilityGlobals) = postSolution
		SolutionGuid = {0F673DD3-C9A8-4DAD-B4F9-CBB5CFC8A201}
	EndGlobalSection
EndGlobal
